
Microsoft Visual Studio Solution File, Format Version 12.00
# Visual Studio Version 17
VisualStudioVersion = 17.4.33122.133
MinimumVisualStudioVersion = 10.0.40219.1
Project("{9A19103F-16F7-4668-BE54-9A1E7A4F7556}") = "InventoryServer", "Applications\InventoryServer\InventoryServer.csproj", "{FFE3693B-D4E1-4760-AEDC-E6174FC406C0}"
EndProject
Project("{9A19103F-16F7-4668-BE54-9A1E7A4F7556}") = "InventoryServerTests", "Tests\InventoryServerTests\InventoryServerTests.csproj", "{367903C2-BA03-4B4D-B1CA-E0D10C2F463F}"
EndProject
Project("{9A19103F-16F7-4668-BE54-9A1E7A4F7556}") = "InventoryWorker", "Applications\InventoryWorker\InventoryWorker.csproj", "{13285654-87F3-434E-A877-DBFBA4BA6B17}"
EndProject
Project("{9A19103F-16F7-4668-BE54-9A1E7A4F7556}") = "CartServer", "Applications\CartServer\CartServer.csproj", "{D4BD63CD-3FE3-46E4-8682-BB83AB8EB011}"
EndProject
Project("{9A19103F-16F7-4668-BE54-9A1E7A4F7556}") = "CartServerTests", "Tests\CartServerTests\CartServerTests.csproj", "{70B5E3EA-BBB6-40F6-A0D1-A58C79929F80}"
EndProject
Project("{54A90642-561A-4BB1-A94E-469ADEE60C69}") = "BookStore", "Dashboard\BookStore\BookStore.esproj", "{9E53461A-DF46-41AF-8FBF-03389D42795F}"
EndProject
Global
	GlobalSection(SolutionConfigurationPlatforms) = preSolution
		Debug|Any CPU = Debug|Any CPU
		Release|Any CPU = Release|Any CPU
	EndGlobalSection
	GlobalSection(ProjectConfigurationPlatforms) = postSolution
		{FFE3693B-D4E1-4760-AEDC-E6174FC406C0}.Debug|Any CPU.ActiveCfg = Debug|Any CPU
		{FFE3693B-D4E1-4760-AEDC-E6174FC406C0}.Debug|Any CPU.Build.0 = Debug|Any CPU
		{FFE3693B-D4E1-4760-AEDC-E6174FC406C0}.Release|Any CPU.ActiveCfg = Release|Any CPU
		{FFE3693B-D4E1-4760-AEDC-E6174FC406C0}.Release|Any CPU.Build.0 = Release|Any CPU
		{367903C2-BA03-4B4D-B1CA-E0D10C2F463F}.Debug|Any CPU.ActiveCfg = Debug|Any CPU
		{367903C2-BA03-4B4D-B1CA-E0D10C2F463F}.Debug|Any CPU.Build.0 = Debug|Any CPU
		{367903C2-BA03-4B4D-B1CA-E0D10C2F463F}.Release|Any CPU.ActiveCfg = Release|Any CPU
		{367903C2-BA03-4B4D-B1CA-E0D10C2F463F}.Release|Any CPU.Build.0 = Release|Any CPU
		{13285654-87F3-434E-A877-DBFBA4BA6B17}.Debug|Any CPU.ActiveCfg = Debug|Any CPU
		{13285654-87F3-434E-A877-DBFBA4BA6B17}.Debug|Any CPU.Build.0 = Debug|Any CPU
		{13285654-87F3-434E-A877-DBFBA4BA6B17}.Release|Any CPU.ActiveCfg = Release|Any CPU
		{13285654-87F3-434E-A877-DBFBA4BA6B17}.Release|Any CPU.Build.0 = Release|Any CPU
		{D4BD63CD-3FE3-46E4-8682-BB83AB8EB011}.Debug|Any CPU.ActiveCfg = Debug|Any CPU
		{D4BD63CD-3FE3-46E4-8682-BB83AB8EB011}.Debug|Any CPU.Build.0 = Debug|Any CPU
		{D4BD63CD-3FE3-46E4-8682-BB83AB8EB011}.Release|Any CPU.ActiveCfg = Release|Any CPU
		{D4BD63CD-3FE3-46E4-8682-BB83AB8EB011}.Release|Any CPU.Build.0 = Release|Any CPU
		{70B5E3EA-BBB6-40F6-A0D1-A58C79929F80}.Debug|Any CPU.ActiveCfg = Debug|Any CPU
		{70B5E3EA-BBB6-40F6-A0D1-A58C79929F80}.Debug|Any CPU.Build.0 = Debug|Any CPU
		{70B5E3EA-BBB6-40F6-A0D1-A58C79929F80}.Release|Any CPU.ActiveCfg = Release|Any CPU
		{70B5E3EA-BBB6-40F6-A0D1-A58C79929F80}.Release|Any CPU.Build.0 = Release|Any CPU
		{9E53461A-DF46-41AF-8FBF-03389D42795F}.Debug|Any CPU.ActiveCfg = Debug|Any CPU
		{9E53461A-DF46-41AF-8FBF-03389D42795F}.Debug|Any CPU.Build.0 = Debug|Any CPU
		{9E53461A-DF46-41AF-8FBF-03389D42795F}.Debug|Any CPU.Deploy.0 = Debug|Any CPU
		{9E53461A-DF46-41AF-8FBF-03389D42795F}.Release|Any CPU.ActiveCfg = Release|Any CPU
		{9E53461A-DF46-41AF-8FBF-03389D42795F}.Release|Any CPU.Build.0 = Release|Any CPU
		{9E53461A-DF46-41AF-8FBF-03389D42795F}.Release|Any CPU.Deploy.0 = Release|Any CPU
	EndGlobalSection
	GlobalSection(SolutionProperties) = preSolution
		HideSolutionNode = FALSE
	EndGlobalSection
	GlobalSection(ExtensibilityGlobals) = postSolution
		SolutionGuid = {5D562066-5D76-4E21-8632-032E09F08F44}
	EndGlobalSection
EndGlobal
